
Microsoft Visual Studio Solution File, Format Version 12.00
# Visual Studio Version 16
VisualStudioVersion = 16.0.32106.194
MinimumVisualStudioVersion = 10.0.40219.1
Project("{FAE04EC0-301F-11D3-BF4B-00C04F79EFBC}") = "FileComparision", "FileComparision\FileComparision.csproj", "{B1E60898-4FF6-43FE-90E2-21E17FFD0009}"
EndProject
Global
	GlobalSection(SolutionConfigurationPlatforms) = preSolution
		Debug|Any CPU = Debug|Any CPU
		Release|Any CPU = Release|Any CPU
	EndGlobalSection
	GlobalSection(ProjectConfigurationPlatforms) = postSolution
		{B1E60898-4FF6-43FE-90E2-21E17FFD0009}.Debug|Any CPU.ActiveCfg = Debug|Any CPU
		{B1E60898-4FF6-43FE-90E2-21E17FFD0009}.Debug|Any CPU.Build.0 = Debug|Any CPU
		{B1E60898-4FF6-43FE-90E2-21E17FFD0009}.Release|Any CPU.ActiveCfg = Release|Any CPU
		{B1E60898-4FF6-43FE-90E2-21E17FFD0009}.Release|Any CPU.Build.0 = Release|Any CPU
	EndGlobalSection
	GlobalSection(SolutionProperties) = preSolution
		HideSolutionNode = FALSE
	EndGlobalSection
	GlobalSection(ExtensibilityGlobals) = postSolution
		SolutionGuid = {C816A6EE-0641-4ED8-8A5C-4462244C24E5}
	EndGlobalSection
EndGlobal
