
Microsoft Visual Studio Solution File, Format Version 12.00
# Visual Studio Version 16
VisualStudioVersion = 16.0.32106.194
MinimumVisualStudioVersion = 10.0.40219.1
Project("{FAE04EC0-301F-11D3-BF4B-00C04F79EFBC}") = "04.Graycode", "04.Graycode\04.Graycode.csproj", "{46A210A9-5B3E-44C4-8B92-568BC133BD45}"
EndProject
Global
	GlobalSection(SolutionConfigurationPlatforms) = preSolution
		Debug|Any CPU = Debug|Any CPU
		Release|Any CPU = Release|Any CPU
	EndGlobalSection
	GlobalSection(ProjectConfigurationPlatforms) = postSolution
		{46A210A9-5B3E-44C4-8B92-568BC133BD45}.Debug|Any CPU.ActiveCfg = Debug|Any CPU
		{46A210A9-5B3E-44C4-8B92-568BC133BD45}.Debug|Any CPU.Build.0 = Debug|Any CPU
		{46A210A9-5B3E-44C4-8B92-568BC133BD45}.Release|Any CPU.ActiveCfg = Release|Any CPU
		{46A210A9-5B3E-44C4-8B92-568BC133BD45}.Release|Any CPU.Build.0 = Release|Any CPU
	EndGlobalSection
	GlobalSection(SolutionProperties) = preSolution
		HideSolutionNode = FALSE
	EndGlobalSection
	GlobalSection(ExtensibilityGlobals) = postSolution
		SolutionGuid = {A1C021EE-1163-4AC0-83D9-21256EA674F4}
	EndGlobalSection
EndGlobal
