
Microsoft Visual Studio Solution File, Format Version 12.00
# Visual Studio Version 16
VisualStudioVersion = 16.0.32106.194
MinimumVisualStudioVersion = 10.0.40219.1
Project("{FAE04EC0-301F-11D3-BF4B-00C04F79EFBC}") = "Binarytriangle", "Binarytriangle\Binarytriangle.csproj", "{96108C7B-921C-473D-9C9F-1B3271693ECE}"
EndProject
Global
	GlobalSection(SolutionConfigurationPlatforms) = preSolution
		Debug|Any CPU = Debug|Any CPU
		Release|Any CPU = Release|Any CPU
	EndGlobalSection
	GlobalSection(ProjectConfigurationPlatforms) = postSolution
		{96108C7B-921C-473D-9C9F-1B3271693ECE}.Debug|Any CPU.ActiveCfg = Debug|Any CPU
		{96108C7B-921C-473D-9C9F-1B3271693ECE}.Debug|Any CPU.Build.0 = Debug|Any CPU
		{96108C7B-921C-473D-9C9F-1B3271693ECE}.Release|Any CPU.ActiveCfg = Release|Any CPU
		{96108C7B-921C-473D-9C9F-1B3271693ECE}.Release|Any CPU.Build.0 = Release|Any CPU
	EndGlobalSection
	GlobalSection(SolutionProperties) = preSolution
		HideSolutionNode = FALSE
	EndGlobalSection
	GlobalSection(ExtensibilityGlobals) = postSolution
		SolutionGuid = {A3AAA01A-3D4A-45BC-855E-6FB509AE6740}
	EndGlobalSection
EndGlobal
